
Microsoft Visual Studio Solution File, Format Version 12.00
# Visual Studio Version 17
VisualStudioVersion = 17.3.32804.467
MinimumVisualStudioVersion = 10.0.40219.1
Project("{FAE04EC0-301F-11D3-BF4B-00C04F79EFBC}") = "da_evaluacion", "da_evaluacion\da_evaluacion.csproj", "{D211BA4D-3F6B-4AEB-A72F-A9680BF027FD}"
EndProject
Global
	GlobalSection(SolutionConfigurationPlatforms) = preSolution
		Debug|Any CPU = Debug|Any CPU
		Release|Any CPU = Release|Any CPU
	EndGlobalSection
	GlobalSection(ProjectConfigurationPlatforms) = postSolution
		{D211BA4D-3F6B-4AEB-A72F-A9680BF027FD}.Debug|Any CPU.ActiveCfg = Debug|Any CPU
		{D211BA4D-3F6B-4AEB-A72F-A9680BF027FD}.Debug|Any CPU.Build.0 = Debug|Any CPU
		{D211BA4D-3F6B-4AEB-A72F-A9680BF027FD}.Release|Any CPU.ActiveCfg = Release|Any CPU
		{D211BA4D-3F6B-4AEB-A72F-A9680BF027FD}.Release|Any CPU.Build.0 = Release|Any CPU
	EndGlobalSection
	GlobalSection(SolutionProperties) = preSolution
		HideSolutionNode = FALSE
	EndGlobalSection
	GlobalSection(ExtensibilityGlobals) = postSolution
		SolutionGuid = {90AA6001-957D-4D5C-BB38-7D3023F7A38C}
	EndGlobalSection
EndGlobal
